// !$*UTF8*$!
{
	archiveVersion = 1;
	classes = {
	};
	objectVersion = 77;
	objects = {

/* Begin PBXBuildFile section */
		EB1102AF2E155803001E574D /* MoproBindings.xcframework in Frameworks */ = {isa = PBXBuildFile; fileRef = EB1102AD2E155803001E574D /* MoproBindings.xcframework */; };
		EB1102B02E155803001E574D /* mopro.swift in Sources */ = {isa = PBXBuildFile; fileRef = EB1102AC2E155803001E574D /* mopro.swift */; };
		EB1102B32E15583C001E574D /* geolocation.zkey in Resources */ = {isa = PBXBuildFile; fileRef = EB1102B12E15583C001E574D /* geolocation.zkey */; };
		EB1102B42E15583C001E574D /* geolocation-vkey.json in Resources */ = {isa = PBXBuildFile; fileRef = EB1102B22E15583C001E574D /* geolocation-vkey.json */; };
/* End PBXBuildFile section */

/* Begin PBXContainerItemProxy section */
		EB1102902E1557DD001E574D /* PBXContainerItemProxy */ = {
			isa = PBXContainerItemProxy;
			containerPortal = EB11027A2E1557DC001E574D /* Project object */;
			proxyType = 1;
			remoteGlobalIDString = EB1102812E1557DC001E574D;
			remoteInfo = "proof-of-geolocation-app";
		};
		EB11029A2E1557DD001E574D /* PBXContainerItemProxy */ = {
			isa = PBXContainerItemProxy;
			containerPortal = EB11027A2E1557DC001E574D /* Project object */;
			proxyType = 1;
			remoteGlobalIDString = EB1102812E1557DC001E574D;
			remoteInfo = "proof-of-geolocation-app";
		};
/* End PBXContainerItemProxy section */

/* Begin PBXFileReference section */
		EB1102822E1557DC001E574D /* proof-of-geolocation-app.app */ = {isa = PBXFileReference; explicitFileType = wrapper.application; includeInIndex = 0; path = "proof-of-geolocation-app.app"; sourceTree = BUILT_PRODUCTS_DIR; };
		EB11028F2E1557DD001E574D /* proof-of-geolocation-appTests.xctest */ = {isa = PBXFileReference; explicitFileType = wrapper.cfbundle; includeInIndex = 0; path = "proof-of-geolocation-appTests.xctest"; sourceTree = BUILT_PRODUCTS_DIR; };
		EB1102992E1557DD001E574D /* proof-of-geolocation-appUITests.xctest */ = {isa = PBXFileReference; explicitFileType = wrapper.cfbundle; includeInIndex = 0; path = "proof-of-geolocation-appUITests.xctest"; sourceTree = BUILT_PRODUCTS_DIR; };
		EB1102AC2E155803001E574D /* mopro.swift */ = {isa = PBXFileReference; lastKnownFileType = sourcecode.swift; path = mopro.swift; sourceTree = "<group>"; };
		EB1102AD2E155803001E574D /* MoproBindings.xcframework */ = {isa = PBXFileReference; lastKnownFileType = wrapper.xcframework; path = MoproBindings.xcframework; sourceTree = "<group>"; };
		EB1102B12E15583C001E574D /* geolocation.zkey */ = {isa = PBXFileReference; lastKnownFileType = file; path = geolocation.zkey; sourceTree = "<group>"; };
		EB1102B22E15583C001E574D /* geolocation-vkey.json */ = {isa = PBXFileReference; lastKnownFileType = text.json; path = "geolocation-vkey.json"; sourceTree = "<group>"; };
/* End PBXFileReference section */

/* Begin PBXFileSystemSynchronizedBuildFileExceptionSet section */
		EB1102C22E15A085001E574D /* Exceptions for "proof-of-geolocation-app" folder in "proof-of-geolocation-app" target */ = {
			isa = PBXFileSystemSynchronizedBuildFileExceptionSet;
			membershipExceptions = (
				Info.plist,
			);
			target = EB1102812E1557DC001E574D /* proof-of-geolocation-app */;
		};
/* End PBXFileSystemSynchronizedBuildFileExceptionSet section */

/* Begin PBXFileSystemSynchronizedRootGroup section */
		EB1102842E1557DC001E574D /* proof-of-geolocation-app */ = {
			isa = PBXFileSystemSynchronizedRootGroup;
			exceptions = (
				EB1102C22E15A085001E574D /* Exceptions for "proof-of-geolocation-app" folder in "proof-of-geolocation-app" target */,
			);
			path = "proof-of-geolocation-app";
			sourceTree = "<group>";
		};
		EB1102922E1557DD001E574D /* proof-of-geolocation-appTests */ = {
			isa = PBXFileSystemSynchronizedRootGroup;
			path = "proof-of-geolocation-appTests";
			sourceTree = "<group>";
		};
		EB11029C2E1557DD001E574D /* proof-of-geolocation-appUITests */ = {
			isa = PBXFileSystemSynchronizedRootGroup;
			path = "proof-of-geolocation-appUITests";
			sourceTree = "<group>";
		};
/* End PBXFileSystemSynchronizedRootGroup section */

/* Begin PBXFrameworksBuildPhase section */
		EB11027F2E1557DC001E574D /* Frameworks */ = {
			isa = PBXFrameworksBuildPhase;
			buildActionMask = 2147483647;
			files = (
				EB1102AF2E155803001E574D /* MoproBindings.xcframework in Frameworks */,
			);
			runOnlyForDeploymentPostprocessing = 0;
		};
		EB11028C2E1557DD001E574D /* Frameworks */ = {
			isa = PBXFrameworksBuildPhase;
			buildActionMask = 2147483647;
			files = (
			);
			runOnlyForDeploymentPostprocessing = 0;
		};
		EB1102962E1557DD001E574D /* Frameworks */ = {
			isa = PBXFrameworksBuildPhase;
			buildActionMask = 2147483647;
			files = (
			);
			runOnlyForDeploymentPostprocessing = 0;
		};
/* End PBXFrameworksBuildPhase section */

/* Begin PBXGroup section */
		EB1102792E1557DC001E574D = {
			isa = PBXGroup;
			children = (
				EB1102B12E15583C001E574D /* geolocation.zkey */,
				EB1102B22E15583C001E574D /* geolocation-vkey.json */,
				EB1102842E1557DC001E574D /* proof-of-geolocation-app */,
				EB1102922E1557DD001E574D /* proof-of-geolocation-appTests */,
				EB11029C2E1557DD001E574D /* proof-of-geolocation-appUITests */,
				EB1102832E1557DC001E574D /* Products */,
				EB1102AE2E155803001E574D /* MoproiOSBindings */,
			);
			sourceTree = "<group>";
		};
		EB1102832E1557DC001E574D /* Products */ = {
			isa = PBXGroup;
			children = (
				EB1102822E1557DC001E574D /* proof-of-geolocation-app.app */,
				EB11028F2E1557DD001E574D /* proof-of-geolocation-appTests.xctest */,
				EB1102992E1557DD001E574D /* proof-of-geolocation-appUITests.xctest */,
			);
			name = Products;
			sourceTree = "<group>";
		};
		EB1102AE2E155803001E574D /* MoproiOSBindings */ = {
			isa = PBXGroup;
			children = (
				EB1102AC2E155803001E574D /* mopro.swift */,
				EB1102AD2E155803001E574D /* MoproBindings.xcframework */,
			);
			path = MoproiOSBindings;
			sourceTree = "<group>";
		};
/* End PBXGroup section */

/* Begin PBXNativeTarget section */
		EB1102812E1557DC001E574D /* proof-of-geolocation-app */ = {
			isa = PBXNativeTarget;
			buildConfigurationList = EB1102A32E1557DD001E574D /* Build configuration list for PBXNativeTarget "proof-of-geolocation-app" */;
			buildPhases = (
				EB11027E2E1557DC001E574D /* Sources */,
				EB11027F2E1557DC001E574D /* Frameworks */,
				EB1102802E1557DC001E574D /* Resources */,
			);
			buildRules = (
			);
			dependencies = (
			);
			fileSystemSynchronizedGroups = (
				EB1102842E1557DC001E574D /* proof-of-geolocation-app */,
			);
			name = "proof-of-geolocation-app";
			packageProductDependencies = (
			);
			productName = "proof-of-geolocation-app";
			productReference = EB1102822E1557DC001E574D /* proof-of-geolocation-app.app */;
			productType = "com.apple.product-type.application";
		};
		EB11028E2E1557DD001E574D /* proof-of-geolocation-appTests */ = {
			isa = PBXNativeTarget;
			buildConfigurationList = EB1102A62E1557DD001E574D /* Build configuration list for PBXNativeTarget "proof-of-geolocation-appTests" */;
			buildPhases = (
				EB11028B2E1557DD001E574D /* Sources */,
				EB11028C2E1557DD001E574D /* Frameworks */,
				EB11028D2E1557DD001E574D /* Resources */,
			);
			buildRules = (
			);
			dependencies = (
				EB1102912E1557DD001E574D /* PBXTargetDependency */,
			);
			fileSystemSynchronizedGroups = (
				EB1102922E1557DD001E574D /* proof-of-geolocation-appTests */,
			);
			name = "proof-of-geolocation-appTests";
			packageProductDependencies = (
			);
			productName = "proof-of-geolocation-appTests";
			productReference = EB11028F2E1557DD001E574D /* proof-of-geolocation-appTests.xctest */;
			productType = "com.apple.product-type.bundle.unit-test";
		};
		EB1102982E1557DD001E574D /* proof-of-geolocation-appUITests */ = {
			isa = PBXNativeTarget;
			buildConfigurationList = EB1102A92E1557DD001E574D /* Build configuration list for PBXNativeTarget "proof-of-geolocation-appUITests" */;
			buildPhases = (
				EB1102952E1557DD001E574D /* Sources */,
				EB1102962E1557DD001E574D /* Frameworks */,
				EB1102972E1557DD001E574D /* Resources */,
			);
			buildRules = (
			);
			dependencies = (
				EB11029B2E1557DD001E574D /* PBXTargetDependency */,
			);
			fileSystemSynchronizedGroups = (
				EB11029C2E1557DD001E574D /* proof-of-geolocation-appUITests */,
			);
			name = "proof-of-geolocation-appUITests";
			packageProductDependencies = (
			);
			productName = "proof-of-geolocation-appUITests";
			productReference = EB1102992E1557DD001E574D /* proof-of-geolocation-appUITests.xctest */;
			productType = "com.apple.product-type.bundle.ui-testing";
		};
/* End PBXNativeTarget section */

/* Begin PBXProject section */
		EB11027A2E1557DC001E574D /* Project object */ = {
			isa = PBXProject;
			attributes = {
				BuildIndependentTargetsInParallel = 1;
				LastSwiftUpdateCheck = 1640;
				LastUpgradeCheck = 1640;
				TargetAttributes = {
					EB1102812E1557DC001E574D = {
						CreatedOnToolsVersion = 16.4;
					};
					EB11028E2E1557DD001E574D = {
						CreatedOnToolsVersion = 16.4;
						TestTargetID = EB1102812E1557DC001E574D;
					};
					EB1102982E1557DD001E574D = {
						CreatedOnToolsVersion = 16.4;
						TestTargetID = EB1102812E1557DC001E574D;
					};
				};
			};
			buildConfigurationList = EB11027D2E1557DC001E574D /* Build configuration list for PBXProject "proof-of-geolocation-app" */;
			developmentRegion = en;
			hasScannedForEncodings = 0;
			knownRegions = (
				en,
				Base,
			);
			mainGroup = EB1102792E1557DC001E574D;
			minimizedProjectReferenceProxies = 1;
			preferredProjectObjectVersion = 77;
			productRefGroup = EB1102832E1557DC001E574D /* Products */;
			projectDirPath = "";
			projectRoot = "";
			targets = (
				EB1102812E1557DC001E574D /* proof-of-geolocation-app */,
				EB11028E2E1557DD001E574D /* proof-of-geolocation-appTests */,
				EB1102982E1557DD001E574D /* proof-of-geolocation-appUITests */,
			);
		};
/* End PBXProject section */

/* Begin PBXResourcesBuildPhase section */
		EB1102802E1557DC001E574D /* Resources */ = {
			isa = PBXResourcesBuildPhase;
			buildActionMask = 2147483647;
			files = (
				EB1102B32E15583C001E574D /* geolocation.zkey in Resources */,
				EB1102B42E15583C001E574D /* geolocation-vkey.json in Resources */,
			);
			runOnlyForDeploymentPostprocessing = 0;
		};
		EB11028D2E1557DD001E574D /* Resources */ = {
			isa = PBXResourcesBuildPhase;
			buildActionMask = 2147483647;
			files = (
			);
			runOnlyForDeploymentPostprocessing = 0;
		};
		EB1102972E1557DD001E574D /* Resources */ = {
			isa = PBXResourcesBuildPhase;
			buildActionMask = 2147483647;
			files = (
			);
			runOnlyForDeploymentPostprocessing = 0;
		};
/* End PBXResourcesBuildPhase section */

/* Begin PBXSourcesBuildPhase section */
		EB11027E2E1557DC001E574D /* Sources */ = {
			isa = PBXSourcesBuildPhase;
			buildActionMask = 2147483647;
			files = (
				EB1102B02E155803001E574D /* mopro.swift in Sources */,
			);
			runOnlyForDeploymentPostprocessing = 0;
		};
		EB11028B2E1557DD001E574D /* Sources */ = {
			isa = PBXSourcesBuildPhase;
			buildActionMask = 2147483647;
			files = (
			);
			runOnlyForDeploymentPostprocessing = 0;
		};
		EB1102952E1557DD001E574D /* Sources */ = {
			isa = PBXSourcesBuildPhase;
			buildActionMask = 2147483647;
			files = (
			);
			runOnlyForDeploymentPostprocessing = 0;
		};
/* End PBXSourcesBuildPhase section */

/* Begin PBXTargetDependency section */
		EB1102912E1557DD001E574D /* PBXTargetDependency */ = {
			isa = PBXTargetDependency;
			target = EB1102812E1557DC001E574D /* proof-of-geolocation-app */;
			targetProxy = EB1102902E1557DD001E574D /* PBXContainerItemProxy */;
		};
		EB11029B2E1557DD001E574D /* PBXTargetDependency */ = {
			isa = PBXTargetDependency;
			target = EB1102812E1557DC001E574D /* proof-of-geolocation-app */;
			targetProxy = EB11029A2E1557DD001E574D /* PBXContainerItemProxy */;
		};
/* End PBXTargetDependency section */

/* Begin XCBuildConfiguration section */
		EB1102A12E1557DD001E574D /* Debug */ = {
			isa = XCBuildConfiguration;
			buildSettings = {
				ALWAYS_SEARCH_USER_PATHS = NO;
				ASSETCATALOG_COMPILER_GENERATE_SWIFT_ASSET_SYMBOL_EXTENSIONS = YES;
				CLANG_ANALYZER_NONNULL = YES;
				CLANG_ANALYZER_NUMBER_OBJECT_CONVERSION = YES_AGGRESSIVE;
				CLANG_CXX_LANGUAGE_STANDARD = "gnu++20";
				CLANG_ENABLE_MODULES = YES;
				CLANG_ENABLE_OBJC_ARC = YES;
				CLANG_ENABLE_OBJC_WEAK = YES;
				CLANG_WARN_BLOCK_CAPTURE_AUTORELEASING = YES;
				CLANG_WARN_BOOL_CONVERSION = YES;
				CLANG_WARN_COMMA = YES;
				CLANG_WARN_CONSTANT_CONVERSION = YES;
				CLANG_WARN_DEPRECATED_OBJC_IMPLEMENTATIONS = YES;
				CLANG_WARN_DIRECT_OBJC_ISA_USAGE = YES_ERROR;
				CLANG_WARN_DOCUMENTATION_COMMENTS = YES;
				CLANG_WARN_EMPTY_BODY = YES;
				CLANG_WARN_ENUM_CONVERSION = YES;
				CLANG_WARN_INFINITE_RECURSION = YES;
				CLANG_WARN_INT_CONVERSION = YES;
				CLANG_WARN_NON_LITERAL_NULL_CONVERSION = YES;
				CLANG_WARN_OBJC_IMPLICIT_RETAIN_SELF = YES;
				CLANG_WARN_OBJC_LITERAL_CONVERSION = YES;
				CLANG_WARN_OBJC_ROOT_CLASS = YES_ERROR;
				CLANG_WARN_QUOTED_INCLUDE_IN_FRAMEWORK_HEADER = YES;
				CLANG_WARN_RANGE_LOOP_ANALYSIS = YES;
				CLANG_WARN_STRICT_PROTOTYPES = YES;
				CLANG_WARN_SUSPICIOUS_MOVE = YES;
				CLANG_WARN_UNGUARDED_AVAILABILITY = YES_AGGRESSIVE;
				CLANG_WARN_UNREACHABLE_CODE = YES;
				CLANG_WARN__DUPLICATE_METHOD_MATCH = YES;
				COPY_PHASE_STRIP = NO;
				DEBUG_INFORMATION_FORMAT = dwarf;
				ENABLE_STRICT_OBJC_MSGSEND = YES;
				ENABLE_TESTABILITY = YES;
				ENABLE_USER_SCRIPT_SANDBOXING = YES;
				GCC_C_LANGUAGE_STANDARD = gnu17;
				GCC_DYNAMIC_NO_PIC = NO;
				GCC_NO_COMMON_BLOCKS = YES;
				GCC_OPTIMIZATION_LEVEL = 0;
				GCC_PREPROCESSOR_DEFINITIONS = (
					"DEBUG=1",
					"$(inherited)",
				);
				GCC_WARN_64_TO_32_BIT_CONVERSION = YES;
				GCC_WARN_ABOUT_RETURN_TYPE = YES_ERROR;
				GCC_WARN_UNDECLARED_SELECTOR = YES;
				GCC_WARN_UNINITIALIZED_AUTOS = YES_AGGRESSIVE;
				GCC_WARN_UNUSED_FUNCTION = YES;
				GCC_WARN_UNUSED_VARIABLE = YES;
				IPHONEOS_DEPLOYMENT_TARGET = 18.5;
				LOCALIZATION_PREFERS_STRING_CATALOGS = YES;
				MTL_ENABLE_DEBUG_INFO = INCLUDE_SOURCE;
				MTL_FAST_MATH = YES;
				ONLY_ACTIVE_ARCH = YES;
				SDKROOT = iphoneos;
				SWIFT_ACTIVE_COMPILATION_CONDITIONS = "DEBUG $(inherited)";
				SWIFT_OPTIMIZATION_LEVEL = "-Onone";
			};
			name = Debug;
		};
		EB1102A22E1557DD001E574D /* Release */ = {
			isa = XCBuildConfiguration;
			buildSettings = {
				ALWAYS_SEARCH_USER_PATHS = NO;
				ASSETCATALOG_COMPILER_GENERATE_SWIFT_ASSET_SYMBOL_EXTENSIONS = YES;
				CLANG_ANALYZER_NONNULL = YES;
				CLANG_ANALYZER_NUMBER_OBJECT_CONVERSION = YES_AGGRESSIVE;
				CLANG_CXX_LANGUAGE_STANDARD = "gnu++20";
				CLANG_ENABLE_MODULES = YES;
				CLANG_ENABLE_OBJC_ARC = YES;
				CLANG_ENABLE_OBJC_WEAK = YES;
				CLANG_WARN_BLOCK_CAPTURE_AUTORELEASING = YES;
				CLANG_WARN_BOOL_CONVERSION = YES;
				CLANG_WARN_COMMA = YES;
				CLANG_WARN_CONSTANT_CONVERSION = YES;
				CLANG_WARN_DEPRECATED_OBJC_IMPLEMENTATIONS = YES;
				CLANG_WARN_DIRECT_OBJC_ISA_USAGE = YES_ERROR;
				CLANG_WARN_DOCUMENTATION_COMMENTS = YES;
				CLANG_WARN_EMPTY_BODY = YES;
				CLANG_WARN_ENUM_CONVERSION = YES;
				CLANG_WARN_INFINITE_RECURSION = YES;
				CLANG_WARN_INT_CONVERSION = YES;
				CLANG_WARN_NON_LITERAL_NULL_CONVERSION = YES;
				CLANG_WARN_OBJC_IMPLICIT_RETAIN_SELF = YES;
				CLANG_WARN_OBJC_LITERAL_CONVERSION = YES;
				CLANG_WARN_OBJC_ROOT_CLASS = YES_ERROR;
				CLANG_WARN_QUOTED_INCLUDE_IN_FRAMEWORK_HEADER = YES;
				CLANG_WARN_RANGE_LOOP_ANALYSIS = YES;
				CLANG_WARN_STRICT_PROTOTYPES = YES;
				CLANG_WARN_SUSPICIOUS_MOVE = YES;
				CLANG_WARN_UNGUARDED_AVAILABILITY = YES_AGGRESSIVE;
				CLANG_WARN_UNREACHABLE_CODE = YES;
				CLANG_WARN__DUPLICATE_METHOD_MATCH = YES;
				COPY_PHASE_STRIP = NO;
				DEBUG_INFORMATION_FORMAT = "dwarf-with-dsym";
				ENABLE_NS_ASSERTIONS = NO;
				ENABLE_STRICT_OBJC_MSGSEND = YES;
				ENABLE_USER_SCRIPT_SANDBOXING = YES;
				GCC_C_LANGUAGE_STANDARD = gnu17;
				GCC_NO_COMMON_BLOCKS = YES;
				GCC_WARN_64_TO_32_BIT_CONVERSION = YES;
				GCC_WARN_ABOUT_RETURN_TYPE = YES_ERROR;
				GCC_WARN_UNDECLARED_SELECTOR = YES;
				GCC_WARN_UNINITIALIZED_AUTOS = YES_AGGRESSIVE;
				GCC_WARN_UNUSED_FUNCTION = YES;
				GCC_WARN_UNUSED_VARIABLE = YES;
				IPHONEOS_DEPLOYMENT_TARGET = 18.5;
				LOCALIZATION_PREFERS_STRING_CATALOGS = YES;
				MTL_ENABLE_DEBUG_INFO = NO;
				MTL_FAST_MATH = YES;
				SDKROOT = iphoneos;
				SWIFT_COMPILATION_MODE = wholemodule;
				VALIDATE_PRODUCT = YES;
			};
			name = Release;
		};
		EB1102A42E1557DD001E574D /* Debug */ = {
			isa = XCBuildConfiguration;
			buildSettings = {
				API_KEY = 9fdbed32da9cdc4bb920064133f3fcbe6ba23d4c;
				ASSETCATALOG_COMPILER_APPICON_NAME = AppIcon;
				ASSETCATALOG_COMPILER_GLOBAL_ACCENT_COLOR_NAME = AccentColor;
				CODE_SIGN_STYLE = Automatic;
				CURRENT_PROJECT_VERSION = 1;
				ENABLE_PREVIEWS = YES;
				GENERATE_INFOPLIST_FILE = YES;
				INFOPLIST_FILE = "proof-of-geolocation-app/Info.plist";
				INFOPLIST_KEY_NSLocationWhenInUseUsageDescription = YES;
				INFOPLIST_KEY_UIApplicationSceneManifest_Generation = YES;
				INFOPLIST_KEY_UIApplicationSupportsIndirectInputEvents = YES;
				INFOPLIST_KEY_UILaunchScreen_Generation = YES;
				INFOPLIST_KEY_UISupportedInterfaceOrientations_iPad = "UIInterfaceOrientationPortrait UIInterfaceOrientationPortraitUpsideDown UIInterfaceOrientationLandscapeLeft UIInterfaceOrientationLandscapeRight";
				INFOPLIST_KEY_UISupportedInterfaceOrientations_iPhone = "UIInterfaceOrientationPortrait UIInterfaceOrientationLandscapeLeft UIInterfaceOrientationLandscapeRight";
				LD_RUNPATH_SEARCH_PATHS = (
					"$(inherited)",
					"@executable_path/Frameworks",
				);
				MARKETING_VERSION = 1.0;
				PRODUCT_BUNDLE_IDENTIFIER = "zkVerify.proof-of-geolocation-app";
				PRODUCT_NAME = "$(TARGET_NAME)";
				SWIFT_EMIT_LOC_STRINGS = YES;
				SWIFT_VERSION = 5.0;
				TARGETED_DEVICE_FAMILY = "1,2";
			};
			name = Debug;
		};
		EB1102A52E1557DD001E574D /* Release */ = {
			isa = XCBuildConfiguration;
			buildSettings = {
				API_KEY = 9fdbed32da9cdc4bb920064133f3fcbe6ba23d4c;
				ASSETCATALOG_COMPILER_APPICON_NAME = AppIcon;
				ASSETCATALOG_COMPILER_GLOBAL_ACCENT_COLOR_NAME = AccentColor;
				CODE_SIGN_STYLE = Automatic;
				CURRENT_PROJECT_VERSION = 1;
				ENABLE_PREVIEWS = YES;
				GENERATE_INFOPLIST_FILE = YES;
				INFOPLIST_FILE = "proof-of-geolocation-app/Info.plist";
				INFOPLIST_KEY_NSLocationWhenInUseUsageDescription = YES;
				INFOPLIST_KEY_UIApplicationSceneManifest_Generation = YES;
				INFOPLIST_KEY_UIApplicationSupportsIndirectInputEvents = YES;
				INFOPLIST_KEY_UILaunchScreen_Generation = YES;
				INFOPLIST_KEY_UISupportedInterfaceOrientations_iPad = "UIInterfaceOrientationPortrait UIInterfaceOrientationPortraitUpsideDown UIInterfaceOrientationLandscapeLeft UIInterfaceOrientationLandscapeRight";
				INFOPLIST_KEY_UISupportedInterfaceOrientations_iPhone = "UIInterfaceOrientationPortrait UIInterfaceOrientationLandscapeLeft UIInterfaceOrientationLandscapeRight";
				LD_RUNPATH_SEARCH_PATHS = (
					"$(inherited)",
					"@executable_path/Frameworks",
				);
				MARKETING_VERSION = 1.0;
				PRODUCT_BUNDLE_IDENTIFIER = "zkVerify.proof-of-geolocation-app";
				PRODUCT_NAME = "$(TARGET_NAME)";
				SWIFT_EMIT_LOC_STRINGS = YES;
				SWIFT_VERSION = 5.0;
				TARGETED_DEVICE_FAMILY = "1,2";
			};
			name = Release;
		};
		EB1102A72E1557DD001E574D /* Debug */ = {
			isa = XCBuildConfiguration;
			buildSettings = {
				BUNDLE_LOADER = "$(TEST_HOST)";
				CODE_SIGN_STYLE = Automatic;
				CURRENT_PROJECT_VERSION = 1;
				GENERATE_INFOPLIST_FILE = YES;
				IPHONEOS_DEPLOYMENT_TARGET = 18.5;
				MARKETING_VERSION = 1.0;
				PRODUCT_BUNDLE_IDENTIFIER = "zkVerify.proof-of-geolocation-appTests";
				PRODUCT_NAME = "$(TARGET_NAME)";
				SWIFT_EMIT_LOC_STRINGS = NO;
				SWIFT_VERSION = 5.0;
				TARGETED_DEVICE_FAMILY = "1,2";
				TEST_HOST = "$(BUILT_PRODUCTS_DIR)/proof-of-geolocation-app.app/$(BUNDLE_EXECUTABLE_FOLDER_PATH)/proof-of-geolocation-app";
			};
			name = Debug;
		};
		EB1102A82E1557DD001E574D /* Release */ = {
			isa = XCBuildConfiguration;
			buildSettings = {
				BUNDLE_LOADER = "$(TEST_HOST)";
				CODE_SIGN_STYLE = Automatic;
				CURRENT_PROJECT_VERSION = 1;
				GENERATE_INFOPLIST_FILE = YES;
				IPHONEOS_DEPLOYMENT_TARGET = 18.5;
				MARKETING_VERSION = 1.0;
				PRODUCT_BUNDLE_IDENTIFIER = "zkVerify.proof-of-geolocation-appTests";
				PRODUCT_NAME = "$(TARGET_NAME)";
				SWIFT_EMIT_LOC_STRINGS = NO;
				SWIFT_VERSION = 5.0;
				TARGETED_DEVICE_FAMILY = "1,2";
				TEST_HOST = "$(BUILT_PRODUCTS_DIR)/proof-of-geolocation-app.app/$(BUNDLE_EXECUTABLE_FOLDER_PATH)/proof-of-geolocation-app";
			};
			name = Release;
		};
		EB1102AA2E1557DD001E574D /* Debug */ = {
			isa = XCBuildConfiguration;
			buildSettings = {
				CODE_SIGN_STYLE = Automatic;
				CURRENT_PROJECT_VERSION = 1;
				GENERATE_INFOPLIST_FILE = YES;
				MARKETING_VERSION = 1.0;
				PRODUCT_BUNDLE_IDENTIFIER = "zkVerify.proof-of-geolocation-appUITests";
				PRODUCT_NAME = "$(TARGET_NAME)";
				SWIFT_EMIT_LOC_STRINGS = NO;
				SWIFT_VERSION = 5.0;
				TARGETED_DEVICE_FAMILY = "1,2";
				TEST_TARGET_NAME = "proof-of-geolocation-app";
			};
			name = Debug;
		};
		EB1102AB2E1557DD001E574D /* Release */ = {
			isa = XCBuildConfiguration;
			buildSettings = {
				CODE_SIGN_STYLE = Automatic;
				CURRENT_PROJECT_VERSION = 1;
				GENERATE_INFOPLIST_FILE = YES;
				MARKETING_VERSION = 1.0;
				PRODUCT_BUNDLE_IDENTIFIER = "zkVerify.proof-of-geolocation-appUITests";
				PRODUCT_NAME = "$(TARGET_NAME)";
				SWIFT_EMIT_LOC_STRINGS = NO;
				SWIFT_VERSION = 5.0;
				TARGETED_DEVICE_FAMILY = "1,2";
				TEST_TARGET_NAME = "proof-of-geolocation-app";
			};
			name = Release;
		};
/* End XCBuildConfiguration section */

/* Begin XCConfigurationList section */
		EB11027D2E1557DC001E574D /* Build configuration list for PBXProject "proof-of-geolocation-app" */ = {
			isa = XCConfigurationList;
			buildConfigurations = (
				EB1102A12E1557DD001E574D /* Debug */,
				EB1102A22E1557DD001E574D /* Release */,
			);
			defaultConfigurationIsVisible = 0;
			defaultConfigurationName = Release;
		};
		EB1102A32E1557DD001E574D /* Build configuration list for PBXNativeTarget "proof-of-geolocation-app" */ = {
			isa = XCConfigurationList;
			buildConfigurations = (
				EB1102A42E1557DD001E574D /* Debug */,
				EB1102A52E1557DD001E574D /* Release */,
			);
			defaultConfigurationIsVisible = 0;
			defaultConfigurationName = Release;
		};
		EB1102A62E1557DD001E574D /* Build configuration list for PBXNativeTarget "proof-of-geolocation-appTests" */ = {
			isa = XCConfigurationList;
			buildConfigurations = (
				EB1102A72E1557DD001E574D /* Debug */,
				EB1102A82E1557DD001E574D /* Release */,
			);
			defaultConfigurationIsVisible = 0;
			defaultConfigurationName = Release;
		};
		EB1102A92E1557DD001E574D /* Build configuration list for PBXNativeTarget "proof-of-geolocation-appUITests" */ = {
			isa = XCConfigurationList;
			buildConfigurations = (
				EB1102AA2E1557DD001E574D /* Debug */,
				EB1102AB2E1557DD001E574D /* Release */,
			);
			defaultConfigurationIsVisible = 0;
			defaultConfigurationName = Release;
		};
/* End XCConfigurationList section */
	};
	rootObject = EB11027A2E1557DC001E574D /* Project object */;
}
